{
  "name": "client",
  "lockfileVersion": 2,
  "requires": true,
  "packages": {
    "": {
      "dependencies": {
        "codemirror": "^5.65.0",
        "require-all": "^3.0.0"
      }
    },
    "node_modules/codemirror": {
      "version": "5.65.0",
      "resolved": "https://registry.npmjs.org/codemirror/-/codemirror-5.65.0.tgz",
      "integrity": "sha512-gWEnHKEcz1Hyz7fsQWpK7P0sPI2/kSkRX2tc7DFA6TmZuDN75x/1ejnH/Pn8adYKrLEA1V2ww6L00GudHZbSKw=="
    },
    "node_modules/require-all": {
      "version": "3.0.0",
      "resolved": "https://registry.npmjs.org/require-all/-/require-all-3.0.0.tgz",
      "integrity": "sha1-Rz1JcEvjEBFc4ST3c4Ox69hnExI=",
      "engines": {
        "node": ">= 0.8"
      }
    }
  },
  "dependencies": {
    "codemirror": {
      "version": "5.65.0",
      "resolved": "https://registry.npmjs.org/codemirror/-/codemirror-5.65.0.tgz",
      "integrity": "sha512-gWEnHKEcz1Hyz7fsQWpK7P0sPI2/kSkRX2tc7DFA6TmZuDN75x/1ejnH/Pn8adYKrLEA1V2ww6L00GudHZbSKw=="
    },
    "require-all": {
      "version": "3.0.0",
      "resolved": "https://registry.npmjs.org/require-all/-/require-all-3.0.0.tgz",
      "integrity": "sha1-Rz1JcEvjEBFc4ST3c4Ox69hnExI="
    }
  }
}
