{
  "name": "SvgCodeViewer",
  "version": "1.0.0",
  "lockfileVersion": 2,
  "requires": true,
  "packages": {
    "": {
      "dependencies": {
        "websocket": "^1.0.22"
      }
    },
    "node_modules/is-typedarray": {
      "version": "1.0.0",
      "resolved": "https://registry.npmjs.org/is-typedarray/-/is-typedarray-1.0.0.tgz",
      "integrity": "sha1-5HnICFjfDBsR3dppQPlgEfzaSpo="
    },
    "node_modules/typedarray-to-buffer": {
      "version": "3.0.5",
      "resolved": "https://registry.npmjs.org/typedarray-to-buffer/-/typedarray-to-buffer-3.0.5.tgz",
      "integrity": "sha1-hC8sqVnNligPlHvP7uOIxUBOXsY=",
      "dependencies": {
        "is-typedarray": "^1.0.0"
      }
    },
    "node_modules/websocket": {
      "version": "1.0.22",
      "resolved": "https://registry.npmjs.org/websocket/-/websocket-1.0.22.tgz",
      "integrity": "sha1-jDPjRJ+Hmq9RgpfJdEzr+BK549g=",
      "hasInstallScript": true,
      "dependencies": {
        "debug": "~2.2.0",
        "nan": "~2.0.5",
        "typedarray-to-buffer": "~3.0.3",
        "yaeti": "~0.0.4"
      },
      "engines": {
        "node": ">=0.8.0"
      }
    },
    "node_modules/websocket/node_modules/debug": {
      "version": "2.2.0",
      "resolved": "https://registry.npmjs.org/debug/-/debug-2.2.0.tgz",
      "integrity": "sha1-+HBX6ZWxofauaklgZkE3vFbwOdo=",
      "dependencies": {
        "ms": "0.7.1"
      }
    },
    "node_modules/websocket/node_modules/ms": {
      "version": "0.7.1",
      "resolved": "https://registry.npmjs.org/ms/-/ms-0.7.1.tgz",
      "integrity": "sha1-nNE8A62/8ltl7/3nzoZO6VIBcJg="
    },
    "node_modules/websocket/node_modules/nan": {
      "version": "2.0.9",
      "resolved": "https://registry.npmjs.org/nan/-/nan-2.0.9.tgz",
      "integrity": "sha1-0Cp3D0Z3iELM65ThfKsx/8cjSgU="
    },
    "node_modules/yaeti": {
      "version": "0.0.6",
      "resolved": "https://registry.npmjs.org/yaeti/-/yaeti-0.0.6.tgz",
      "integrity": "sha1-8m9ITXJoTPQr7ft2lwqhYI+/lXc=",
      "engines": {
        "node": ">=0.10.32"
      }
    }
  },
  "dependencies": {
    "is-typedarray": {
      "version": "1.0.0",
      "resolved": "https://registry.npmjs.org/is-typedarray/-/is-typedarray-1.0.0.tgz",
      "integrity": "sha1-5HnICFjfDBsR3dppQPlgEfzaSpo="
    },
    "typedarray-to-buffer": {
      "version": "3.0.5",
      "resolved": "https://registry.npmjs.org/typedarray-to-buffer/-/typedarray-to-buffer-3.0.5.tgz",
      "integrity": "sha1-hC8sqVnNligPlHvP7uOIxUBOXsY=",
      "requires": {
        "is-typedarray": "^1.0.0"
      }
    },
    "websocket": {
      "version": "1.0.22",
      "resolved": "https://registry.npmjs.org/websocket/-/websocket-1.0.22.tgz",
      "integrity": "sha1-jDPjRJ+Hmq9RgpfJdEzr+BK549g=",
      "requires": {
        "debug": "~2.2.0",
        "nan": "~2.0.5",
        "typedarray-to-buffer": "~3.0.3",
        "yaeti": "~0.0.4"
      },
      "dependencies": {
        "debug": {
          "version": "2.2.0",
          "resolved": "https://registry.npmjs.org/debug/-/debug-2.2.0.tgz",
          "integrity": "sha1-+HBX6ZWxofauaklgZkE3vFbwOdo=",
          "requires": {
            "ms": "0.7.1"
          }
        },
        "ms": {
          "version": "0.7.1",
          "resolved": "https://registry.npmjs.org/ms/-/ms-0.7.1.tgz",
          "integrity": "sha1-nNE8A62/8ltl7/3nzoZO6VIBcJg="
        },
        "nan": {
          "version": "2.0.9",
          "resolved": "https://registry.npmjs.org/nan/-/nan-2.0.9.tgz",
          "integrity": "sha1-0Cp3D0Z3iELM65ThfKsx/8cjSgU="
        }
      }
    },
    "yaeti": {
      "version": "0.0.6",
      "resolved": "https://registry.npmjs.org/yaeti/-/yaeti-0.0.6.tgz",
      "integrity": "sha1-8m9ITXJoTPQr7ft2lwqhYI+/lXc="
    }
  }
}
